
Microsoft Visual Studio Solution File, Format Version 12.00
# Visual Studio Version 16
VisualStudioVersion = 16.0.30621.155
MinimumVisualStudioVersion = 10.0.40219.1
Project("{9A19103F-16F7-4668-BE54-9A1E7A4F7556}") = "Triangolo", "Triangolo\Triangolo.csproj", "{68D9FB2F-2AE2-4B9B-B142-6EF5633B10BD}"
EndProject
Project("{FAE04EC0-301F-11D3-BF4B-00C04F79EFBC}") = "ClassLibrary1", "ClassLibrary1\ClassLibrary1.csproj", "{DA5086DB-5A09-4470-8C5C-BE7275C9CF00}"
EndProject
Global
	GlobalSection(SolutionConfigurationPlatforms) = preSolution
		Debug|Any CPU = Debug|Any CPU
		Release|Any CPU = Release|Any CPU
	EndGlobalSection
	GlobalSection(ProjectConfigurationPlatforms) = postSolution
		{68D9FB2F-2AE2-4B9B-B142-6EF5633B10BD}.Debug|Any CPU.ActiveCfg = Debug|Any CPU
		{68D9FB2F-2AE2-4B9B-B142-6EF5633B10BD}.Debug|Any CPU.Build.0 = Debug|Any CPU
		{68D9FB2F-2AE2-4B9B-B142-6EF5633B10BD}.Release|Any CPU.ActiveCfg = Release|Any CPU
		{68D9FB2F-2AE2-4B9B-B142-6EF5633B10BD}.Release|Any CPU.Build.0 = Release|Any CPU
		{DA5086DB-5A09-4470-8C5C-BE7275C9CF00}.Debug|Any CPU.ActiveCfg = Debug|Any CPU
		{DA5086DB-5A09-4470-8C5C-BE7275C9CF00}.Debug|Any CPU.Build.0 = Debug|Any CPU
		{DA5086DB-5A09-4470-8C5C-BE7275C9CF00}.Release|Any CPU.ActiveCfg = Release|Any CPU
		{DA5086DB-5A09-4470-8C5C-BE7275C9CF00}.Release|Any CPU.Build.0 = Release|Any CPU
	EndGlobalSection
	GlobalSection(SolutionProperties) = preSolution
		HideSolutionNode = FALSE
	EndGlobalSection
	GlobalSection(ExtensibilityGlobals) = postSolution
		SolutionGuid = {0D3631C3-BC36-4CBE-9924-1FC15C3A5754}
	EndGlobalSection
EndGlobal
